{
  "name": "jkbm-madsanepat",
  "lockfileVersion": 2,
  "requires": true,
  "packages": {
    "": {
      "dependencies": {
        "dark-mode-toggle": "^0.14.3"
      }
    },
    "node_modules/dark-mode-toggle": {
      "version": "0.14.3",
      "resolved": "https://registry.npmjs.org/dark-mode-toggle/-/dark-mode-toggle-0.14.3.tgz",
      "integrity": "sha512-vMfF1v+OPoh+svRphN1pWfOltGXPKZ//gzsvQb5gTjSHu7dgVjUAL+4OBft7KKXFJB7TiKYcVimWqydEyOzQPw=="
    }
  },
  "dependencies": {
    "dark-mode-toggle": {
      "version": "0.14.3",
      "resolved": "https://registry.npmjs.org/dark-mode-toggle/-/dark-mode-toggle-0.14.3.tgz",
      "integrity": "sha512-vMfF1v+OPoh+svRphN1pWfOltGXPKZ//gzsvQb5gTjSHu7dgVjUAL+4OBft7KKXFJB7TiKYcVimWqydEyOzQPw=="
    }
  }
}
